
Microsoft Visual Studio Solution File, Format Version 12.00
# Visual Studio Version 16
VisualStudioVersion = 16.0.32602.291
MinimumVisualStudioVersion = 10.0.40219.1
Project("{9A19103F-16F7-4668-BE54-9A1E7A4F7556}") = "BookEvent", "BookEvent.csproj", "{917DEE09-45C7-4216-AAEB-0E2B53B54FC9}"
EndProject
Global
	GlobalSection(SolutionConfigurationPlatforms) = preSolution
		Debug|Any CPU = Debug|Any CPU
		Release|Any CPU = Release|Any CPU
	EndGlobalSection
	GlobalSection(ProjectConfigurationPlatforms) = postSolution
		{917DEE09-45C7-4216-AAEB-0E2B53B54FC9}.Debug|Any CPU.ActiveCfg = Debug|Any CPU
		{917DEE09-45C7-4216-AAEB-0E2B53B54FC9}.Debug|Any CPU.Build.0 = Debug|Any CPU
		{917DEE09-45C7-4216-AAEB-0E2B53B54FC9}.Release|Any CPU.ActiveCfg = Release|Any CPU
		{917DEE09-45C7-4216-AAEB-0E2B53B54FC9}.Release|Any CPU.Build.0 = Release|Any CPU
	EndGlobalSection
	GlobalSection(SolutionProperties) = preSolution
		HideSolutionNode = FALSE
	EndGlobalSection
	GlobalSection(ExtensibilityGlobals) = postSolution
		SolutionGuid = {EE6FBE4A-588F-402D-AF89-A0D0524E2791}
	EndGlobalSection
EndGlobal
